
Microsoft Visual Studio Solution File, Format Version 12.00
# Visual Studio 14
VisualStudioVersion = 14.0.25420.1
MinimumVisualStudioVersion = 10.0.40219.1
Project("{FAE04EC0-301F-11D3-BF4B-00C04F79EFBC}") = "InputHandlers.Sample", "InputHandlers.Sample\InputHandlers.Sample.csproj", "{2738EFA1-0C3F-485A-A8C9-81CCF707385A}"
EndProject
Project("{FAE04EC0-301F-11D3-BF4B-00C04F79EFBC}") = "InputHandlers", "InputHandlers\InputHandlers.csproj", "{0983CDAA-FA7C-4F22-B3C0-AA1F3598DE3F}"
EndProject
Project("{FAE04EC0-301F-11D3-BF4B-00C04F79EFBC}") = "InputHandlers.Tests", "InputHandlers.Tests\InputHandlers.Tests.csproj", "{081F5BE6-E520-4A14-87C8-97427A2F8AAA}"
EndProject
Global
	GlobalSection(SolutionConfigurationPlatforms) = preSolution
		Debug|Any CPU = Debug|Any CPU
		Release|Any CPU = Release|Any CPU
	EndGlobalSection
	GlobalSection(ProjectConfigurationPlatforms) = postSolution
		{2738EFA1-0C3F-485A-A8C9-81CCF707385A}.Debug|Any CPU.ActiveCfg = Debug|Any CPU
		{2738EFA1-0C3F-485A-A8C9-81CCF707385A}.Debug|Any CPU.Build.0 = Debug|Any CPU
		{2738EFA1-0C3F-485A-A8C9-81CCF707385A}.Release|Any CPU.ActiveCfg = Release|Any CPU
		{2738EFA1-0C3F-485A-A8C9-81CCF707385A}.Release|Any CPU.Build.0 = Release|Any CPU
		{0983CDAA-FA7C-4F22-B3C0-AA1F3598DE3F}.Debug|Any CPU.ActiveCfg = Debug|Any CPU
		{0983CDAA-FA7C-4F22-B3C0-AA1F3598DE3F}.Debug|Any CPU.Build.0 = Debug|Any CPU
		{0983CDAA-FA7C-4F22-B3C0-AA1F3598DE3F}.Release|Any CPU.ActiveCfg = Release|Any CPU
		{0983CDAA-FA7C-4F22-B3C0-AA1F3598DE3F}.Release|Any CPU.Build.0 = Release|Any CPU
		{081F5BE6-E520-4A14-87C8-97427A2F8AAA}.Debug|Any CPU.ActiveCfg = Debug|Any CPU
		{081F5BE6-E520-4A14-87C8-97427A2F8AAA}.Debug|Any CPU.Build.0 = Debug|Any CPU
		{081F5BE6-E520-4A14-87C8-97427A2F8AAA}.Release|Any CPU.ActiveCfg = Release|Any CPU
		{081F5BE6-E520-4A14-87C8-97427A2F8AAA}.Release|Any CPU.Build.0 = Release|Any CPU
	EndGlobalSection
	GlobalSection(SolutionProperties) = preSolution
		HideSolutionNode = FALSE
	EndGlobalSection
EndGlobal
