
Microsoft Visual Studio Solution File, Format Version 12.00
# Visual Studio 14
VisualStudioVersion = 14.0.25420.1
MinimumVisualStudioVersion = 10.0.40219.1
Project("{FAE04EC0-301F-11D3-BF4B-00C04F79EFBC}") = "InputHandlersSample", "InputHandlersSample\InputHandlersSample.csproj", "{2738EFA1-0C3F-485A-A8C9-81CCF707385A}"
EndProject
Project("{FAE04EC0-301F-11D3-BF4B-00C04F79EFBC}") = "InputHandlers", "InputHandlers\InputHandlers.csproj", "{0983CDAA-FA7C-4F22-B3C0-AA1F3598DE3F}"
EndProject
Global
	GlobalSection(SolutionConfigurationPlatforms) = preSolution
		Debug|x86 = Debug|x86
		Release|x86 = Release|x86
	EndGlobalSection
	GlobalSection(ProjectConfigurationPlatforms) = postSolution
		{2738EFA1-0C3F-485A-A8C9-81CCF707385A}.Debug|x86.ActiveCfg = Debug|x86
		{2738EFA1-0C3F-485A-A8C9-81CCF707385A}.Debug|x86.Build.0 = Debug|x86
		{2738EFA1-0C3F-485A-A8C9-81CCF707385A}.Release|x86.ActiveCfg = Release|x86
		{2738EFA1-0C3F-485A-A8C9-81CCF707385A}.Release|x86.Build.0 = Release|x86
		{0983CDAA-FA7C-4F22-B3C0-AA1F3598DE3F}.Debug|x86.ActiveCfg = Debug|x86
		{0983CDAA-FA7C-4F22-B3C0-AA1F3598DE3F}.Debug|x86.Build.0 = Debug|x86
		{0983CDAA-FA7C-4F22-B3C0-AA1F3598DE3F}.Release|x86.ActiveCfg = Release|x86
		{0983CDAA-FA7C-4F22-B3C0-AA1F3598DE3F}.Release|x86.Build.0 = Release|x86
	EndGlobalSection
	GlobalSection(SolutionProperties) = preSolution
		HideSolutionNode = FALSE
	EndGlobalSection
EndGlobal
